// !$*UTF8*$!
{
	archiveVersion = 1;
	classes = {
	};
	objectVersion = 56;
	objects = {

/* Begin PBXBuildFile section */
		24D154CECAAC0634E41D46CA /* Assets.xcassets in Resources */ = {isa = PBXBuildFile; fileRef = 496439050FEE8732544D5426 /* Assets.xcassets */; };
		2CCCF3F7E58F25E55DEE21AE /* LaunchScreen.storyboard in Resources */ = {isa = PBXBuildFile; fileRef = 898C436F8EF1998D28848FFE /* LaunchScreen.storyboard */; };
		6D5D8881A034DA30DA8F6CE8 /* AppDelegate.swift in Sources */ = {isa = PBXBuildFile; fileRef = F715AFF24FCD8FABC2980C5E /* AppDelegate.swift */; };
		85A2CB3DB1E860E96EEBB6AB /* Pods_SwiftLibs.framework in Frameworks */ = {isa = PBXBuildFile; fileRef = 912722C9ED01EAD7D0C3B0DB /* Pods_SwiftLibs.framework */; };
		B579835C0FC041C385DC4384 /* ViewController.swift in Sources */ = {isa = PBXBuildFile; fileRef = E707022E7AB8730F1B2BFD14 /* ViewController.swift */; };
		D874CC15DDAD6CAB4588853C /* SceneDelegate.swift in Sources */ = {isa = PBXBuildFile; fileRef = 12F4D104B6620C3BE98E729D /* SceneDelegate.swift */; };
		DCDD63F52EE9C8790065D152 /* CadastroPresenter.swift in Sources */ = {isa = PBXBuildFile; fileRef = DCDD63F12EE9C8790065D152 /* CadastroPresenter.swift */; };
		DCDD63F62EE9C8790065D152 /* CadastroRouter.swift in Sources */ = {isa = PBXBuildFile; fileRef = DCDD63F22EE9C8790065D152 /* CadastroRouter.swift */; };
		DCDD63F72EE9C8790065D152 /* CadastroWorker.swift in Sources */ = {isa = PBXBuildFile; fileRef = DCDD63F42EE9C8790065D152 /* CadastroWorker.swift */; };
		DCDD63F82EE9C8790065D152 /* CadastroViewController.swift in Sources */ = {isa = PBXBuildFile; fileRef = DCDD63F32EE9C8790065D152 /* CadastroViewController.swift */; };
		DCDD63F92EE9C8790065D152 /* CadastroInteractor.swift in Sources */ = {isa = PBXBuildFile; fileRef = DCDD63EF2EE9C8790065D152 /* CadastroInteractor.swift */; };
		DCDD63FA2EE9C8790065D152 /* CadastroModels.swift in Sources */ = {isa = PBXBuildFile; fileRef = DCDD63F02EE9C8790065D152 /* CadastroModels.swift */; };
		DCDD63FD2EE9EDD10065D152 /* Enviroment.swift in Sources */ = {isa = PBXBuildFile; fileRef = DCDD63FC2EE9EDCF0065D152 /* Enviroment.swift */; };
		DCDD63FF2EE9EE250065D152 /* AppVersion.swift in Sources */ = {isa = PBXBuildFile; fileRef = DCDD63FE2EE9EE230065D152 /* AppVersion.swift */; };
/* End PBXBuildFile section */

/* Begin PBXFileReference section */
		12F4D104B6620C3BE98E729D /* SceneDelegate.swift */ = {isa = PBXFileReference; lastKnownFileType = sourcecode.swift; path = SceneDelegate.swift; sourceTree = "<group>"; };
		3072D10B663FAF7AA42565FF /* Pods-SwiftLibs.release.xcconfig */ = {isa = PBXFileReference; includeInIndex = 1; lastKnownFileType = text.xcconfig; name = "Pods-SwiftLibs.release.xcconfig"; path = "Target Support Files/Pods-SwiftLibs/Pods-SwiftLibs.release.xcconfig"; sourceTree = "<group>"; };
		3F3650477B79CF74476962F5 /* Base */ = {isa = PBXFileReference; lastKnownFileType = file.storyboard; name = Base; path = Base.lproj/LaunchScreen.storyboard; sourceTree = "<group>"; };
		496439050FEE8732544D5426 /* Assets.xcassets */ = {isa = PBXFileReference; lastKnownFileType = folder.assetcatalog; path = Assets.xcassets; sourceTree = "<group>"; };
		912722C9ED01EAD7D0C3B0DB /* Pods_SwiftLibs.framework */ = {isa = PBXFileReference; explicitFileType = wrapper.framework; includeInIndex = 0; path = Pods_SwiftLibs.framework; sourceTree = BUILT_PRODUCTS_DIR; };
		AB4CE26586484B63E61216BF /* Pods-SwiftLibs.debug.xcconfig */ = {isa = PBXFileReference; includeInIndex = 1; lastKnownFileType = text.xcconfig; name = "Pods-SwiftLibs.debug.xcconfig"; path = "Target Support Files/Pods-SwiftLibs/Pods-SwiftLibs.debug.xcconfig"; sourceTree = "<group>"; };
		DCDD63EF2EE9C8790065D152 /* CadastroInteractor.swift */ = {isa = PBXFileReference; lastKnownFileType = sourcecode.swift; path = CadastroInteractor.swift; sourceTree = "<group>"; };
		DCDD63F02EE9C8790065D152 /* CadastroModels.swift */ = {isa = PBXFileReference; lastKnownFileType = sourcecode.swift; path = CadastroModels.swift; sourceTree = "<group>"; };
		DCDD63F12EE9C8790065D152 /* CadastroPresenter.swift */ = {isa = PBXFileReference; lastKnownFileType = sourcecode.swift; path = CadastroPresenter.swift; sourceTree = "<group>"; };
		DCDD63F22EE9C8790065D152 /* CadastroRouter.swift */ = {isa = PBXFileReference; lastKnownFileType = sourcecode.swift; path = CadastroRouter.swift; sourceTree = "<group>"; };
		DCDD63F32EE9C8790065D152 /* CadastroViewController.swift */ = {isa = PBXFileReference; lastKnownFileType = sourcecode.swift; path = CadastroViewController.swift; sourceTree = "<group>"; };
		DCDD63F42EE9C8790065D152 /* CadastroWorker.swift */ = {isa = PBXFileReference; lastKnownFileType = sourcecode.swift; path = CadastroWorker.swift; sourceTree = "<group>"; };
		DCDD63FC2EE9EDCF0065D152 /* Enviroment.swift */ = {isa = PBXFileReference; lastKnownFileType = sourcecode.swift; path = Enviroment.swift; sourceTree = "<group>"; };
		DCDD63FE2EE9EE230065D152 /* AppVersion.swift */ = {isa = PBXFileReference; lastKnownFileType = sourcecode.swift; path = AppVersion.swift; sourceTree = "<group>"; };
		E3EF7BDE84965B095B888889 /* Info.plist */ = {isa = PBXFileReference; lastKnownFileType = text.plist; path = Info.plist; sourceTree = "<group>"; };
		E707022E7AB8730F1B2BFD14 /* ViewController.swift */ = {isa = PBXFileReference; lastKnownFileType = sourcecode.swift; path = ViewController.swift; sourceTree = "<group>"; };
		F48ACD9FCE64DD2A8C6AF25E /* SwiftLibs.app */ = {isa = PBXFileReference; explicitFileType = wrapper.application; includeInIndex = 0; path = SwiftLibs.app; sourceTree = BUILT_PRODUCTS_DIR; };
		F715AFF24FCD8FABC2980C5E /* AppDelegate.swift */ = {isa = PBXFileReference; lastKnownFileType = sourcecode.swift; path = AppDelegate.swift; sourceTree = "<group>"; };
/* End PBXFileReference section */

/* Begin PBXFrameworksBuildPhase section */
		C0E76F8AB4D6FEB6636412CA /* Frameworks */ = {
			isa = PBXFrameworksBuildPhase;
			buildActionMask = 2147483647;
			files = (
				85A2CB3DB1E860E96EEBB6AB /* Pods_SwiftLibs.framework in Frameworks */,
			);
			runOnlyForDeploymentPostprocessing = 0;
		};
/* End PBXFrameworksBuildPhase section */

/* Begin PBXGroup section */
		31B654D8509FCACC0AAFD5FA /* SwiftLibs */ = {
			isa = PBXGroup;
			children = (
				DCDD63FB2EE9EDC90065D152 /* Global */,
				DCDD63ED2EE9C84D0065D152 /* Modules */,
				F715AFF24FCD8FABC2980C5E /* AppDelegate.swift */,
				496439050FEE8732544D5426 /* Assets.xcassets */,
				E3EF7BDE84965B095B888889 /* Info.plist */,
				898C436F8EF1998D28848FFE /* LaunchScreen.storyboard */,
				12F4D104B6620C3BE98E729D /* SceneDelegate.swift */,
				E707022E7AB8730F1B2BFD14 /* ViewController.swift */,
			);
			path = SwiftLibs;
			sourceTree = "<group>";
		};
		5D3196A5ABFC672645FF2409 /* Frameworks */ = {
			isa = PBXGroup;
			children = (
				912722C9ED01EAD7D0C3B0DB /* Pods_SwiftLibs.framework */,
			);
			name = Frameworks;
			sourceTree = "<group>";
		};
		943A5D5F837DF6179827C3B8 = {
			isa = PBXGroup;
			children = (
				31B654D8509FCACC0AAFD5FA /* SwiftLibs */,
				BEDDDF14EA0DA0C1C61BE74F /* Products */,
				9D15B49C2BB599F40C4B79E4 /* Pods */,
				5D3196A5ABFC672645FF2409 /* Frameworks */,
			);
			sourceTree = "<group>";
		};
		9D15B49C2BB599F40C4B79E4 /* Pods */ = {
			isa = PBXGroup;
			children = (
				AB4CE26586484B63E61216BF /* Pods-SwiftLibs.debug.xcconfig */,
				3072D10B663FAF7AA42565FF /* Pods-SwiftLibs.release.xcconfig */,
			);
			path = Pods;
			sourceTree = "<group>";
		};
		BEDDDF14EA0DA0C1C61BE74F /* Products */ = {
			isa = PBXGroup;
			children = (
				F48ACD9FCE64DD2A8C6AF25E /* SwiftLibs.app */,
			);
			name = Products;
			sourceTree = "<group>";
		};
		DCDD63ED2EE9C84D0065D152 /* Modules */ = {
			isa = PBXGroup;
			children = (
				DCDD63EE2EE9C85C0065D152 /* Cadastro */,
			);
			path = Modules;
			sourceTree = "<group>";
		};
		DCDD63EE2EE9C85C0065D152 /* Cadastro */ = {
			isa = PBXGroup;
			children = (
				DCDD63EF2EE9C8790065D152 /* CadastroInteractor.swift */,
				DCDD63F02EE9C8790065D152 /* CadastroModels.swift */,
				DCDD63F12EE9C8790065D152 /* CadastroPresenter.swift */,
				DCDD63F22EE9C8790065D152 /* CadastroRouter.swift */,
				DCDD63F32EE9C8790065D152 /* CadastroViewController.swift */,
				DCDD63F42EE9C8790065D152 /* CadastroWorker.swift */,
			);
			path = Cadastro;
			sourceTree = "<group>";
		};
		DCDD63FB2EE9EDC90065D152 /* Global */ = {
			isa = PBXGroup;
			children = (
				DCDD63FE2EE9EE230065D152 /* AppVersion.swift */,
				DCDD63FC2EE9EDCF0065D152 /* Enviroment.swift */,
			);
			path = Global;
			sourceTree = "<group>";
		};
/* End PBXGroup section */

/* Begin PBXNativeTarget section */
		C09F42BFBE5439888ABCE11C /* SwiftLibs */ = {
			isa = PBXNativeTarget;
			buildConfigurationList = 7481AF393BEFC5EB93D4515C /* Build configuration list for PBXNativeTarget "SwiftLibs" */;
			buildPhases = (
				229C385A39DDA69A275B3E9E /* [CP] Check Pods Manifest.lock */,
				85066A67E5391FEB35D40BDF /* Sources */,
				A44A97DC4B7DC6525302F072 /* Resources */,
				C0E76F8AB4D6FEB6636412CA /* Frameworks */,
				B5420628F1728DFA5A680D44 /* [CP] Embed Pods Frameworks */,
			);
			buildRules = (
			);
			dependencies = (
			);
			name = SwiftLibs;
			productName = SwiftLibs;
			productReference = F48ACD9FCE64DD2A8C6AF25E /* SwiftLibs.app */;
			productType = "com.apple.product-type.application";
		};
/* End PBXNativeTarget section */

/* Begin PBXProject section */
		0319C55479FE912E1706CD0E /* Project object */ = {
			isa = PBXProject;
			attributes = {
				BuildIndependentTargetsInParallel = YES;
				LastUpgradeCheck = 1430;
			};
			buildConfigurationList = F7C3253E429D98DD366D11CF /* Build configuration list for PBXProject "SwiftLibs" */;
			compatibilityVersion = "Xcode 14.0";
			developmentRegion = en;
			hasScannedForEncodings = 0;
			knownRegions = (
				Base,
				en,
			);
			mainGroup = 943A5D5F837DF6179827C3B8;
			productRefGroup = BEDDDF14EA0DA0C1C61BE74F /* Products */;
			projectDirPath = "";
			projectRoot = "";
			targets = (
				C09F42BFBE5439888ABCE11C /* SwiftLibs */,
			);
		};
/* End PBXProject section */

/* Begin PBXResourcesBuildPhase section */
		A44A97DC4B7DC6525302F072 /* Resources */ = {
			isa = PBXResourcesBuildPhase;
			buildActionMask = 2147483647;
			files = (
				24D154CECAAC0634E41D46CA /* Assets.xcassets in Resources */,
				2CCCF3F7E58F25E55DEE21AE /* LaunchScreen.storyboard in Resources */,
			);
			runOnlyForDeploymentPostprocessing = 0;
		};
/* End PBXResourcesBuildPhase section */

/* Begin PBXShellScriptBuildPhase section */
		229C385A39DDA69A275B3E9E /* [CP] Check Pods Manifest.lock */ = {
			isa = PBXShellScriptBuildPhase;
			buildActionMask = 2147483647;
			files = (
			);
			inputFileListPaths = (
			);
			inputPaths = (
				"${PODS_PODFILE_DIR_PATH}/Podfile.lock",
				"${PODS_ROOT}/Manifest.lock",
			);
			name = "[CP] Check Pods Manifest.lock";
			outputFileListPaths = (
			);
			outputPaths = (
				"$(DERIVED_FILE_DIR)/Pods-SwiftLibs-checkManifestLockResult.txt",
			);
			runOnlyForDeploymentPostprocessing = 0;
			shellPath = /bin/sh;
			shellScript = "diff \"${PODS_PODFILE_DIR_PATH}/Podfile.lock\" \"${PODS_ROOT}/Manifest.lock\" > /dev/null\nif [ $? != 0 ] ; then\n    # print error to STDERR\n    echo \"error: The sandbox is not in sync with the Podfile.lock. Run 'pod install' or update your CocoaPods installation.\" >&2\n    exit 1\nfi\n# This output is used by Xcode 'outputs' to avoid re-running this script phase.\necho \"SUCCESS\" > \"${SCRIPT_OUTPUT_FILE_0}\"\n";
			showEnvVarsInLog = 0;
		};
		B5420628F1728DFA5A680D44 /* [CP] Embed Pods Frameworks */ = {
			isa = PBXShellScriptBuildPhase;
			buildActionMask = 2147483647;
			files = (
			);
			inputFileListPaths = (
				"${PODS_ROOT}/Target Support Files/Pods-SwiftLibs/Pods-SwiftLibs-frameworks-${CONFIGURATION}-input-files.xcfilelist",
			);
			name = "[CP] Embed Pods Frameworks";
			outputFileListPaths = (
				"${PODS_ROOT}/Target Support Files/Pods-SwiftLibs/Pods-SwiftLibs-frameworks-${CONFIGURATION}-output-files.xcfilelist",
			);
			runOnlyForDeploymentPostprocessing = 0;
			shellPath = /bin/sh;
			shellScript = "\"${PODS_ROOT}/Target Support Files/Pods-SwiftLibs/Pods-SwiftLibs-frameworks.sh\"\n";
			showEnvVarsInLog = 0;
		};
/* End PBXShellScriptBuildPhase section */

/* Begin PBXSourcesBuildPhase section */
		85066A67E5391FEB35D40BDF /* Sources */ = {
			isa = PBXSourcesBuildPhase;
			buildActionMask = 2147483647;
			files = (
				DCDD63F52EE9C8790065D152 /* CadastroPresenter.swift in Sources */,
				DCDD63F62EE9C8790065D152 /* CadastroRouter.swift in Sources */,
				DCDD63FD2EE9EDD10065D152 /* Enviroment.swift in Sources */,
				DCDD63F72EE9C8790065D152 /* CadastroWorker.swift in Sources */,
				DCDD63F82EE9C8790065D152 /* CadastroViewController.swift in Sources */,
				DCDD63F92EE9C8790065D152 /* CadastroInteractor.swift in Sources */,
				DCDD63FA2EE9C8790065D152 /* CadastroModels.swift in Sources */,
				6D5D8881A034DA30DA8F6CE8 /* AppDelegate.swift in Sources */,
				D874CC15DDAD6CAB4588853C /* SceneDelegate.swift in Sources */,
				B579835C0FC041C385DC4384 /* ViewController.swift in Sources */,
				DCDD63FF2EE9EE250065D152 /* AppVersion.swift in Sources */,
			);
			runOnlyForDeploymentPostprocessing = 0;
		};
/* End PBXSourcesBuildPhase section */

/* Begin PBXVariantGroup section */
		898C436F8EF1998D28848FFE /* LaunchScreen.storyboard */ = {
			isa = PBXVariantGroup;
			children = (
				3F3650477B79CF74476962F5 /* Base */,
			);
			name = LaunchScreen.storyboard;
			sourceTree = "<group>";
		};
/* End PBXVariantGroup section */

/* Begin XCBuildConfiguration section */
		5C23B34F7F7C06C387C65472 /* Release */ = {
			isa = XCBuildConfiguration;
			baseConfigurationReference = 3072D10B663FAF7AA42565FF /* Pods-SwiftLibs.release.xcconfig */;
			buildSettings = {
				ASSETCATALOG_COMPILER_APPICON_NAME = AppIcon;
				CODE_SIGN_IDENTITY = "iPhone Developer";
				ENABLE_USER_SCRIPT_SANDBOXING = NO;
				INFOPLIST_FILE = SwiftLibs/Info.plist;
				LD_RUNPATH_SEARCH_PATHS = (
					"$(inherited)",
					"@executable_path/Frameworks",
				);
				PRODUCT_BUNDLE_IDENTIFIER = com.chronustecnologia.SwiftLibs;
				SDKROOT = iphoneos;
				TARGETED_DEVICE_FAMILY = "1,2";
				VALIDATE_WORKSPACE = YES;
			};
			name = Release;
		};
		A7FA660C71C293BEC24385F6 /* Debug */ = {
			isa = XCBuildConfiguration;
			baseConfigurationReference = AB4CE26586484B63E61216BF /* Pods-SwiftLibs.debug.xcconfig */;
			buildSettings = {
				ASSETCATALOG_COMPILER_APPICON_NAME = AppIcon;
				CODE_SIGN_IDENTITY = "iPhone Developer";
				ENABLE_USER_SCRIPT_SANDBOXING = NO;
				INFOPLIST_FILE = SwiftLibs/Info.plist;
				LD_RUNPATH_SEARCH_PATHS = (
					"$(inherited)",
					"@executable_path/Frameworks",
				);
				PRODUCT_BUNDLE_IDENTIFIER = com.chronustecnologia.SwiftLibs;
				SDKROOT = iphoneos;
				TARGETED_DEVICE_FAMILY = "1,2";
				VALIDATE_WORKSPACE = YES;
			};
			name = Debug;
		};
		B7C406EF99FC0903BA4618E1 /* Debug */ = {
			isa = XCBuildConfiguration;
			buildSettings = {
				ALWAYS_SEARCH_USER_PATHS = NO;
				CLANG_ANALYZER_NONNULL = YES;
				CLANG_ANALYZER_NUMBER_OBJECT_CONVERSION = YES_AGGRESSIVE;
				CLANG_CXX_LANGUAGE_STANDARD = "gnu++14";
				CLANG_CXX_LIBRARY = "libc++";
				CLANG_ENABLE_MODULES = YES;
				CLANG_ENABLE_OBJC_ARC = YES;
				CLANG_ENABLE_OBJC_WEAK = YES;
				CLANG_WARN_BLOCK_CAPTURE_AUTORELEASING = YES;
				CLANG_WARN_BOOL_CONVERSION = YES;
				CLANG_WARN_COMMA = YES;
				CLANG_WARN_CONSTANT_CONVERSION = YES;
				CLANG_WARN_DEPRECATED_OBJC_IMPLEMENTATIONS = YES;
				CLANG_WARN_DIRECT_OBJC_ISA_USAGE = YES_ERROR;
				CLANG_WARN_DOCUMENTATION_COMMENTS = YES;
				CLANG_WARN_EMPTY_BODY = YES;
				CLANG_WARN_ENUM_CONVERSION = YES;
				CLANG_WARN_INFINITE_RECURSION = YES;
				CLANG_WARN_INT_CONVERSION = YES;
				CLANG_WARN_NON_LITERAL_NULL_CONVERSION = YES;
				CLANG_WARN_OBJC_IMPLICIT_RETAIN_SELF = YES;
				CLANG_WARN_OBJC_LITERAL_CONVERSION = YES;
				CLANG_WARN_OBJC_ROOT_CLASS = YES_ERROR;
				CLANG_WARN_QUOTED_INCLUDE_IN_FRAMEWORK_HEADER = YES;
				CLANG_WARN_RANGE_LOOP_ANALYSIS = YES;
				CLANG_WARN_STRICT_PROTOTYPES = YES;
				CLANG_WARN_SUSPICIOUS_MOVE = YES;
				CLANG_WARN_UNGUARDED_AVAILABILITY = YES_AGGRESSIVE;
				CLANG_WARN_UNREACHABLE_CODE = YES;
				CLANG_WARN__DUPLICATE_METHOD_MATCH = YES;
				COPY_PHASE_STRIP = NO;
				DEBUG_INFORMATION_FORMAT = dwarf;
				ENABLE_BITCODE = NO;
				ENABLE_STRICT_OBJC_MSGSEND = YES;
				ENABLE_TESTABILITY = YES;
				GCC_C_LANGUAGE_STANDARD = gnu11;
				GCC_DYNAMIC_NO_PIC = NO;
				GCC_NO_COMMON_BLOCKS = YES;
				GCC_OPTIMIZATION_LEVEL = 0;
				GCC_PREPROCESSOR_DEFINITIONS = (
					"$(inherited)",
					"DEBUG=1",
				);
				GCC_WARN_64_TO_32_BIT_CONVERSION = YES;
				GCC_WARN_ABOUT_RETURN_TYPE = YES_ERROR;
				GCC_WARN_UNDECLARED_SELECTOR = YES;
				GCC_WARN_UNINITIALIZED_AUTOS = YES_AGGRESSIVE;
				GCC_WARN_UNUSED_FUNCTION = YES;
				GCC_WARN_UNUSED_VARIABLE = YES;
				IPHONEOS_DEPLOYMENT_TARGET = 15.0;
				MTL_ENABLE_DEBUG_INFO = INCLUDE_SOURCE;
				MTL_FAST_MATH = YES;
				ONLY_ACTIVE_ARCH = YES;
				PRODUCT_NAME = "$(TARGET_NAME)";
				SDKROOT = iphoneos;
				SWIFT_ACTIVE_COMPILATION_CONDITIONS = DEBUG;
				SWIFT_OPTIMIZATION_LEVEL = "-Onone";
				SWIFT_VERSION = 5.0;
			};
			name = Debug;
		};
		E7AA34A6C3232B998C998D00 /* Release */ = {
			isa = XCBuildConfiguration;
			buildSettings = {
				ALWAYS_SEARCH_USER_PATHS = NO;
				CLANG_ANALYZER_NONNULL = YES;
				CLANG_ANALYZER_NUMBER_OBJECT_CONVERSION = YES_AGGRESSIVE;
				CLANG_CXX_LANGUAGE_STANDARD = "gnu++14";
				CLANG_CXX_LIBRARY = "libc++";
				CLANG_ENABLE_MODULES = YES;
				CLANG_ENABLE_OBJC_ARC = YES;
				CLANG_ENABLE_OBJC_WEAK = YES;
				CLANG_WARN_BLOCK_CAPTURE_AUTORELEASING = YES;
				CLANG_WARN_BOOL_CONVERSION = YES;
				CLANG_WARN_COMMA = YES;
				CLANG_WARN_CONSTANT_CONVERSION = YES;
				CLANG_WARN_DEPRECATED_OBJC_IMPLEMENTATIONS = YES;
				CLANG_WARN_DIRECT_OBJC_ISA_USAGE = YES_ERROR;
				CLANG_WARN_DOCUMENTATION_COMMENTS = YES;
				CLANG_WARN_EMPTY_BODY = YES;
				CLANG_WARN_ENUM_CONVERSION = YES;
				CLANG_WARN_INFINITE_RECURSION = YES;
				CLANG_WARN_INT_CONVERSION = YES;
				CLANG_WARN_NON_LITERAL_NULL_CONVERSION = YES;
				CLANG_WARN_OBJC_IMPLICIT_RETAIN_SELF = YES;
				CLANG_WARN_OBJC_LITERAL_CONVERSION = YES;
				CLANG_WARN_OBJC_ROOT_CLASS = YES_ERROR;
				CLANG_WARN_QUOTED_INCLUDE_IN_FRAMEWORK_HEADER = YES;
				CLANG_WARN_RANGE_LOOP_ANALYSIS = YES;
				CLANG_WARN_STRICT_PROTOTYPES = YES;
				CLANG_WARN_SUSPICIOUS_MOVE = YES;
				CLANG_WARN_UNGUARDED_AVAILABILITY = YES_AGGRESSIVE;
				CLANG_WARN_UNREACHABLE_CODE = YES;
				CLANG_WARN__DUPLICATE_METHOD_MATCH = YES;
				COPY_PHASE_STRIP = NO;
				DEBUG_INFORMATION_FORMAT = "dwarf-with-dsym";
				ENABLE_BITCODE = NO;
				ENABLE_NS_ASSERTIONS = NO;
				ENABLE_STRICT_OBJC_MSGSEND = YES;
				GCC_C_LANGUAGE_STANDARD = gnu11;
				GCC_NO_COMMON_BLOCKS = YES;
				GCC_WARN_64_TO_32_BIT_CONVERSION = YES;
				GCC_WARN_ABOUT_RETURN_TYPE = YES_ERROR;
				GCC_WARN_UNDECLARED_SELECTOR = YES;
				GCC_WARN_UNINITIALIZED_AUTOS = YES_AGGRESSIVE;
				GCC_WARN_UNUSED_FUNCTION = YES;
				GCC_WARN_UNUSED_VARIABLE = YES;
				IPHONEOS_DEPLOYMENT_TARGET = 15.0;
				MTL_ENABLE_DEBUG_INFO = NO;
				MTL_FAST_MATH = YES;
				PRODUCT_NAME = "$(TARGET_NAME)";
				SDKROOT = iphoneos;
				SWIFT_COMPILATION_MODE = wholemodule;
				SWIFT_OPTIMIZATION_LEVEL = "-O";
				SWIFT_VERSION = 5.0;
			};
			name = Release;
		};
/* End XCBuildConfiguration section */

/* Begin XCConfigurationList section */
		7481AF393BEFC5EB93D4515C /* Build configuration list for PBXNativeTarget "SwiftLibs" */ = {
			isa = XCConfigurationList;
			buildConfigurations = (
				A7FA660C71C293BEC24385F6 /* Debug */,
				5C23B34F7F7C06C387C65472 /* Release */,
			);
			defaultConfigurationIsVisible = 0;
			defaultConfigurationName = Debug;
		};
		F7C3253E429D98DD366D11CF /* Build configuration list for PBXProject "SwiftLibs" */ = {
			isa = XCConfigurationList;
			buildConfigurations = (
				B7C406EF99FC0903BA4618E1 /* Debug */,
				E7AA34A6C3232B998C998D00 /* Release */,
			);
			defaultConfigurationIsVisible = 0;
			defaultConfigurationName = Debug;
		};
/* End XCConfigurationList section */
	};
	rootObject = 0319C55479FE912E1706CD0E /* Project object */;
}
